<?xml version="1.0" encoding="utf-8"?>
<Project ToolsVersion="4.0" xmlns="http://schemas.microsoft.com/developer/msbuild/2003">
  <ItemGroup>
    <Filter Include="Исходные файлы">
      <UniqueIdentifier>{4FC737F1-C7A5-4376-A066-2A32D752A2FF}</UniqueIdentifier>
      <Extensions>cpp;c;cc;cxx;c++;cppm;ixx;def;odl;idl;hpj;bat;asm;asmx</Extensions>
    </Filter>
    <Filter Include="Файлы заголовков">
      <UniqueIdentifier>{93995380-89BD-4b04-88EB-625FBE52EBFB}</UniqueIdentifier>
      <Extensions>h;hh;hpp;hxx;h++;hm;inl;inc;ipp;xsd</Extensions>
    </Filter>
    <Filter Include="Файлы ресурсов">
      <UniqueIdentifier>{67DA6AB6-F800-4c08-8B7A-83BB121AAD01}</UniqueIdentifier>
      <Extensions>rc;ico;cur;bmp;dlg;rc2;rct;bin;rgs;gif;jpg;jpeg;jpe;resx;tiff;tif;png;wav;mfcribbon-ms</Extensions>
    </Filter>
  </ItemGroup>
  <ItemGroup>
    <ClCompile Include="source\main.cpp">
      <Filter>Исходные файлы</Filter>
    </ClCompile>
    <ClCompile Include="source\Player\Player.cpp">
      <Filter>Исходные файлы</Filter>
    </ClCompile>
    <ClCompile Include="source\Game\Game.cpp">
      <Filter>Исходные файлы</Filter>
    </ClCompile>
    <ClCompile Include="source\Game\Textures.cpp">
      <Filter>Исходные файлы</Filter>
    </ClCompile>
    <ClCompile Include="source\Engine\Noise.cpp">
      <Filter>Исходные файлы</Filter>
    </ClCompile>
    <ClCompile Include="source\Engine\Vector.cpp">
      <Filter>Исходные файлы</Filter>
    </ClCompile>
    <ClCompile Include="source\World\Chunk.cpp">
      <Filter>Исходные файлы</Filter>
    </ClCompile>
    <ClCompile Include="source\World\Skybox.cpp">
      <Filter>Исходные файлы</Filter>
    </ClCompile>
    <ClCompile Include="source\Game\DeBugScreen.cpp">
      <Filter>Исходные файлы</Filter>
    </ClCompile>
    <ClCompile Include="source\World\Biomes.cpp">
      <Filter>Исходные файлы</Filter>
    </ClCompile>
    <ClCompile Include="source\GUI\HotBar.cpp">
      <Filter>Исходные файлы</Filter>
    </ClCompile>
    <ClCompile Include="source\Player\Inventory.cpp">
      <Filter>Исходные файлы</Filter>
    </ClCompile>
    <ClCompile Include="source\Player\Cursor.cpp">
      <Filter>Исходные файлы</Filter>
    </ClCompile>
    <ClCompile Include="source\GUI\Crafting.cpp">
      <Filter>Исходные файлы</Filter>
    </ClCompile>
    <ClCompile Include="source\Player\Camera.cpp">
      <Filter>Исходные файлы</Filter>
    </ClCompile>
    <ClCompile Include="source\Block\Block.cpp">
      <Filter>Исходные файлы</Filter>
    </ClCompile>
    <ClCompile Include="source\Player\Mobs.cpp">
      <Filter>Исходные файлы</Filter>
    </ClCompile>
  </ItemGroup>
  <ItemGroup>
    <ClInclude Include="source\Player\Player.hpp">
      <Filter>Файлы заголовков</Filter>
    </ClInclude>
    <ClInclude Include="source\Game\Game.hpp">
      <Filter>Файлы заголовков</Filter>
    </ClInclude>
    <ClInclude Include="source\Block\Block.hpp">
      <Filter>Файлы заголовков</Filter>
    </ClInclude>
    <ClInclude Include="source\Game\Textures.hpp">
      <Filter>Файлы заголовков</Filter>
    </ClInclude>
    <ClInclude Include="source\Player\Camera.hpp">
      <Filter>Файлы заголовков</Filter>
    </ClInclude>
    <ClInclude Include="source\Engine\Noise.hpp">
      <Filter>Файлы заголовков</Filter>
    </ClInclude>
    <ClInclude Include="source\World\Chunk.hpp">
      <Filter>Файлы заголовков</Filter>
    </ClInclude>
    <ClInclude Include="source\Engine\Vector3Hash.hpp">
      <Filter>Файлы заголовков</Filter>
    </ClInclude>
    <ClInclude Include="source\Engine\Vector.hpp">
      <Filter>Файлы заголовков</Filter>
    </ClInclude>
    <ClInclude Include="source\World\Skybox.hpp">
      <Filter>Файлы заголовков</Filter>
    </ClInclude>
    <ClInclude Include="source\Game\DeBugScreen.hpp">
      <Filter>Файлы заголовков</Filter>
    </ClInclude>
    <ClInclude Include="source\World\Biomes.hpp">
      <Filter>Файлы заголовков</Filter>
    </ClInclude>
    <ClInclude Include="source\GUI\HotBar.hpp">
      <Filter>Файлы заголовков</Filter>
    </ClInclude>
    <ClInclude Include="source\Block\MiniBlocks.hpp">
      <Filter>Файлы заголовков</Filter>
    </ClInclude>
    <ClInclude Include="source\Player\Inventory.hpp">
      <Filter>Файлы заголовков</Filter>
    </ClInclude>
    <ClInclude Include="source\GUI\Crafting.hpp">
      <Filter>Файлы заголовков</Filter>
    </ClInclude>
    <ClInclude Include="source\Player\Mobs.hpp">
      <Filter>Файлы заголовков</Filter>
    </ClInclude>
  </ItemGroup>
  <ItemGroup>
    <Image Include="assets\blocks\Dirt.png">
      <Filter>Файлы ресурсов</Filter>
    </Image>
    <Image Include="assets\blocks\Makovka.png">
      <Filter>Файлы ресурсов</Filter>
    </Image>
    <Image Include="assets\stone.png">
      <Filter>Файлы ресурсов</Filter>
    </Image>
    <Image Include="assets\blocks\bedrock.png">
      <Filter>Файлы ресурсов</Filter>
    </Image>
    <Image Include="assets\blocks\cobblestone.png">
      <Filter>Файлы ресурсов</Filter>
    </Image>
    <Image Include="assets\blocks\coal_ore.png">
      <Filter>Файлы ресурсов</Filter>
    </Image>
    <Image Include="assets\blocks\glass.png">
      <Filter>Файлы ресурсов</Filter>
    </Image>
    <Image Include="assets\blocks\gold_ore.png">
      <Filter>Файлы ресурсов</Filter>
    </Image>
    <Image Include="assets\blocks\grass_block_side.png">
      <Filter>Файлы ресурсов</Filter>
    </Image>
    <Image Include="assets\blocks\grass_block_side_overlay.png">
      <Filter>Файлы ресурсов</Filter>
    </Image>
    <Image Include="assets\blocks\grass_block_top.png">
      <Filter>Файлы ресурсов</Filter>
    </Image>
    <Image Include="assets\blocks\gravel.png">
      <Filter>Файлы ресурсов</Filter>
    </Image>
    <Image Include="assets\blocks\iron_ore.png">
      <Filter>Файлы ресурсов</Filter>
    </Image>
    <Image Include="assets\blocks\oak_leaves.png">
      <Filter>Файлы ресурсов</Filter>
    </Image>
    <Image Include="assets\blocks\oak_log.png">
      <Filter>Файлы ресурсов</Filter>
    </Image>
    <Image Include="assets\blocks\planks.png">
      <Filter>Файлы ресурсов</Filter>
    </Image>
    <Image Include="assets\blocks\sand.png">
      <Filter>Файлы ресурсов</Filter>
    </Image>
    <Image Include="assets\blocks\sponge.png">
      <Filter>Файлы ресурсов</Filter>
    </Image>
    <Image Include="assets\blocks\stone.png">
      <Filter>Файлы ресурсов</Filter>
    </Image>
    <Image Include="assets\environment\clouds.png">
      <Filter>Файлы ресурсов</Filter>
    </Image>
    <Image Include="assets\terrain\moon.png">
      <Filter>Файлы ресурсов</Filter>
    </Image>
    <Image Include="assets\terrain\sun.png">
      <Filter>Файлы ресурсов</Filter>
    </Image>
    <Image Include="assets\blocks\black_wool.png">
      <Filter>Файлы ресурсов</Filter>
    </Image>
    <Image Include="assets\blocks\blue_wool.png">
      <Filter>Файлы ресурсов</Filter>
    </Image>
    <Image Include="assets\blocks\brown_wool.png">
      <Filter>Файлы ресурсов</Filter>
    </Image>
    <Image Include="assets\blocks\cyan_wool.png">
      <Filter>Файлы ресурсов</Filter>
    </Image>
    <Image Include="assets\blocks\dandelion.png">
      <Filter>Файлы ресурсов</Filter>
    </Image>
    <Image Include="assets\blocks\gray_wool.png">
      <Filter>Файлы ресурсов</Filter>
    </Image>
    <Image Include="assets\blocks\green_wool.png">
      <Filter>Файлы ресурсов</Filter>
    </Image>
    <Image Include="assets\blocks\light_blue_wool.png">
      <Filter>Файлы ресурсов</Filter>
    </Image>
    <Image Include="assets\blocks\light_gray_wool.png">
      <Filter>Файлы ресурсов</Filter>
    </Image>
    <Image Include="assets\blocks\lime_wool.png">
      <Filter>Файлы ресурсов</Filter>
    </Image>
    <Image Include="assets\blocks\magenta_wool.png">
      <Filter>Файлы ресурсов</Filter>
    </Image>
    <Image Include="assets\blocks\orange_wool.png">
      <Filter>Файлы ресурсов</Filter>
    </Image>
    <Image Include="assets\blocks\pink_wool.png">
      <Filter>Файлы ресурсов</Filter>
    </Image>
    <Image Include="assets\blocks\poppy.png">
      <Filter>Файлы ресурсов</Filter>
    </Image>
    <Image Include="assets\blocks\purple_wool.png">
      <Filter>Файлы ресурсов</Filter>
    </Image>
    <Image Include="assets\blocks\red_wool.png">
      <Filter>Файлы ресурсов</Filter>
    </Image>
    <Image Include="assets\blocks\test.png">
      <Filter>Файлы ресурсов</Filter>
    </Image>
    <Image Include="assets\blocks\white_wool.png">
      <Filter>Файлы ресурсов</Filter>
    </Image>
    <Image Include="assets\blocks\yellow_wool.png">
      <Filter>Файлы ресурсов</Filter>
    </Image>
    <Image Include="assets\gui\gui.png">
      <Filter>Файлы ресурсов</Filter>
    </Image>
    <Image Include="assets\blocks\cactus_side.png">
      <Filter>Файлы ресурсов</Filter>
    </Image>
    <Image Include="assets\blocks\dead_bush.png">
      <Filter>Файлы ресурсов</Filter>
    </Image>
    <Image Include="assets\blocks\destroy_stage_0.png">
      <Filter>Файлы ресурсов</Filter>
    </Image>
    <Image Include="assets\blocks\destroy_stage_1.png">
      <Filter>Файлы ресурсов</Filter>
    </Image>
    <Image Include="assets\blocks\destroy_stage_2.png">
      <Filter>Файлы ресурсов</Filter>
    </Image>
    <Image Include="assets\blocks\destroy_stage_3.png">
      <Filter>Файлы ресурсов</Filter>
    </Image>
    <Image Include="assets\blocks\destroy_stage_4.png">
      <Filter>Файлы ресурсов</Filter>
    </Image>
    <Image Include="assets\blocks\destroy_stage_5.png">
      <Filter>Файлы ресурсов</Filter>
    </Image>
    <Image Include="assets\blocks\destroy_stage_6.png">
      <Filter>Файлы ресурсов</Filter>
    </Image>
    <Image Include="assets\blocks\destroy_stage_7.png">
      <Filter>Файлы ресурсов</Filter>
    </Image>
    <Image Include="assets\blocks\destroy_stage_8.png">
      <Filter>Файлы ресурсов</Filter>
    </Image>
    <Image Include="assets\blocks\destroy_stage_9.png">
      <Filter>Файлы ресурсов</Filter>
    </Image>
    <Image Include="assets\gui\inventory.png">
      <Filter>Файлы ресурсов</Filter>
    </Image>
    <Image Include="assets\blocks\oak_log_top.png">
      <Filter>Файлы ресурсов</Filter>
    </Image>
    <Image Include="assets\blocks\cactus_bottom.png">
      <Filter>Файлы ресурсов</Filter>
    </Image>
    <Image Include="assets\blocks\cactus_top.png">
      <Filter>Файлы ресурсов</Filter>
    </Image>
    <Image Include="assets\blocks\crafting_table_front.png">
      <Filter>Файлы ресурсов</Filter>
    </Image>
    <Image Include="assets\blocks\crafting_table_side.png">
      <Filter>Файлы ресурсов</Filter>
    </Image>
    <Image Include="assets\blocks\crafting_table_top.png">
      <Filter>Файлы ресурсов</Filter>
    </Image>
    <Image Include="assets\gui\crafting.png">
      <Filter>Файлы ресурсов</Filter>
    </Image>
    <Image Include="assets\gui\items.png">
      <Filter>Файлы ресурсов</Filter>
    </Image>
    <Image Include="assets\gui\background.png">
      <Filter>Файлы ресурсов</Filter>
    </Image>
    <Image Include="assets\gui\icons.png">
      <Filter>Файлы ресурсов</Filter>
    </Image>
    <Image Include="assets\blocks\furnace_front.png">
      <Filter>Файлы ресурсов</Filter>
    </Image>
    <Image Include="assets\blocks\furnace_front_on.png">
      <Filter>Файлы ресурсов</Filter>
    </Image>
    <Image Include="assets\blocks\furnace_side.png">
      <Filter>Файлы ресурсов</Filter>
    </Image>
    <Image Include="assets\blocks\furnace_top.png">
      <Filter>Файлы ресурсов</Filter>
    </Image>
    <Image Include="assets\gui\furnace.png">
      <Filter>Файлы ресурсов</Filter>
    </Image>
    <Image Include="..\..\..\..\Desktop\zombie.png">
      <Filter>Файлы ресурсов</Filter>
    </Image>
    <Image Include="assets\mob\zombie.png">
      <Filter>Файлы ресурсов</Filter>
    </Image>
  </ItemGroup>
  <ItemGroup>
    <None Include="assets\IDs.json" />
    <None Include="assets\recipes.json" />
  </ItemGroup>
  <ItemGroup>
    <Font Include="assets\font\minecraft.ttf" />
  </ItemGroup>
</Project>