<?xml version="1.0" encoding="utf-8"?>
<Project ToolsVersion="4.0" xmlns="http://schemas.microsoft.com/developer/msbuild/2003">
  <ItemGroup>
    <Filter Include="Исходные файлы">
      <UniqueIdentifier>{4FC737F1-C7A5-4376-A066-2A32D752A2FF}</UniqueIdentifier>
      <Extensions>cpp;c;cc;cxx;c++;cppm;ixx;def;odl;idl;hpj;bat;asm;asmx</Extensions>
    </Filter>
    <Filter Include="Файлы заголовков">
      <UniqueIdentifier>{93995380-89BD-4b04-88EB-625FBE52EBFB}</UniqueIdentifier>
      <Extensions>h;hh;hpp;hxx;h++;hm;inl;inc;ipp;xsd</Extensions>
    </Filter>
    <Filter Include="Файлы ресурсов">
      <UniqueIdentifier>{67DA6AB6-F800-4c08-8B7A-83BB121AAD01}</UniqueIdentifier>
      <Extensions>rc;ico;cur;bmp;dlg;rc2;rct;bin;rgs;gif;jpg;jpeg;jpe;resx;tiff;tif;png;wav;mfcribbon-ms</Extensions>
    </Filter>
  </ItemGroup>
  <ItemGroup>
    <ClCompile Include="source\main.cpp">
      <Filter>Исходные файлы</Filter>
    </ClCompile>
    <ClCompile Include="source\Player\Player.cpp">
      <Filter>Исходные файлы</Filter>
    </ClCompile>
    <ClCompile Include="source\Game\Game.cpp">
      <Filter>Исходные файлы</Filter>
    </ClCompile>
    <ClCompile Include="source\Game\Textures.cpp">
      <Filter>Исходные файлы</Filter>
    </ClCompile>
    <ClCompile Include="source\Player\Camera.cpp">
      <Filter>Исходные файлы</Filter>
    </ClCompile>
    <ClCompile Include="source\Game\Noise.cpp">
      <Filter>Исходные файлы</Filter>
    </ClCompile>
    <ClCompile Include="source\Game\Vector3Hash.cpp">
      <Filter>Исходные файлы</Filter>
    </ClCompile>
    <ClCompile Include="source\Engine\Vector.cpp">
      <Filter>Исходные файлы</Filter>
    </ClCompile>
    <ClCompile Include="source\World\ChunkRenderer.hpp">
      <Filter>Исходные файлы</Filter>
    </ClCompile>
    <ClCompile Include="source\World\Chunk.cpp">
      <Filter>Исходные файлы</Filter>
    </ClCompile>
    <ClCompile Include="source\World\Skybox.cpp">
      <Filter>Исходные файлы</Filter>
    </ClCompile>
  </ItemGroup>
  <ItemGroup>
    <ClInclude Include="source\Player\Player.hpp">
      <Filter>Файлы заголовков</Filter>
    </ClInclude>
    <ClInclude Include="source\Game\Game.hpp">
      <Filter>Файлы заголовков</Filter>
    </ClInclude>
    <ClInclude Include="source\Block\Block.hpp">
      <Filter>Файлы заголовков</Filter>
    </ClInclude>
    <ClInclude Include="source\Game\Textures.hpp">
      <Filter>Файлы заголовков</Filter>
    </ClInclude>
    <ClInclude Include="source\Player\Camera.hpp">
      <Filter>Файлы заголовков</Filter>
    </ClInclude>
    <ClInclude Include="source\Game\Noise.hpp">
      <Filter>Файлы заголовков</Filter>
    </ClInclude>
    <ClInclude Include="source\World\Chunk.hpp">
      <Filter>Файлы заголовков</Filter>
    </ClInclude>
    <ClInclude Include="source\Game\Vector3Hash.hpp">
      <Filter>Файлы заголовков</Filter>
    </ClInclude>
    <ClInclude Include="source\Engine\Vector.hpp">
      <Filter>Файлы заголовков</Filter>
    </ClInclude>
    <ClInclude Include="source\World\Landscape.hpp">
      <Filter>Файлы заголовков</Filter>
    </ClInclude>
    <ClInclude Include="source\World\Skybox.hpp">
      <Filter>Файлы заголовков</Filter>
    </ClInclude>
  </ItemGroup>
  <ItemGroup>
    <Image Include="assets\blocks\Dirt.png">
      <Filter>Файлы ресурсов</Filter>
    </Image>
    <Image Include="assets\blocks\Makovka.png">
      <Filter>Файлы ресурсов</Filter>
    </Image>
    <Image Include="assets\stone.png">
      <Filter>Файлы ресурсов</Filter>
    </Image>
    <Image Include="assets\blocks\bedrock.png">
      <Filter>Файлы ресурсов</Filter>
    </Image>
    <Image Include="assets\blocks\cobblestone.png">
      <Filter>Файлы ресурсов</Filter>
    </Image>
    <Image Include="assets\blocks\coal_ore.png">
      <Filter>Файлы ресурсов</Filter>
    </Image>
    <Image Include="assets\blocks\glass.png">
      <Filter>Файлы ресурсов</Filter>
    </Image>
    <Image Include="assets\blocks\gold_ore.png">
      <Filter>Файлы ресурсов</Filter>
    </Image>
    <Image Include="assets\blocks\grass_block_side.png">
      <Filter>Файлы ресурсов</Filter>
    </Image>
    <Image Include="assets\blocks\grass_block_side_overlay.png">
      <Filter>Файлы ресурсов</Filter>
    </Image>
    <Image Include="assets\blocks\grass_block_top.png">
      <Filter>Файлы ресурсов</Filter>
    </Image>
    <Image Include="assets\blocks\gravel.png">
      <Filter>Файлы ресурсов</Filter>
    </Image>
    <Image Include="assets\blocks\iron_ore.png">
      <Filter>Файлы ресурсов</Filter>
    </Image>
    <Image Include="assets\blocks\oak_leaves.png">
      <Filter>Файлы ресурсов</Filter>
    </Image>
    <Image Include="assets\blocks\oak_log.png">
      <Filter>Файлы ресурсов</Filter>
    </Image>
    <Image Include="assets\blocks\planks.png">
      <Filter>Файлы ресурсов</Filter>
    </Image>
    <Image Include="assets\blocks\sand.png">
      <Filter>Файлы ресурсов</Filter>
    </Image>
    <Image Include="assets\blocks\sponge.png">
      <Filter>Файлы ресурсов</Filter>
    </Image>
    <Image Include="assets\blocks\stone.png">
      <Filter>Файлы ресурсов</Filter>
    </Image>
  </ItemGroup>
  <ItemGroup>
    <None Include="assets\IDs.json" />
  </ItemGroup>
</Project>